// !$*UTF8*$!
{
	archiveVersion = 1;
	classes = {
	};
	objectVersion = 50;
	objects = {

/* Begin PBXBuildFile section */
		8406DAEF2372FD3A005C1547 /* GoogleService-Info.plist in Resources */ = {isa = PBXBuildFile; fileRef = 8406DAEE2372FD3A005C1547 /* GoogleService-Info.plist */; };
		8437F9562302981F00E178CB /* GoogleMobileAds.framework in Frameworks */ = {isa = PBXBuildFile; fileRef = 8437F9552302981F00E178CB /* GoogleMobileAds.framework */; };
		8437F958230298B300E178CB /* GoogleAppMeasurement.framework in Frameworks */ = {isa = PBXBuildFile; fileRef = 8437F957230298B300E178CB /* GoogleAppMeasurement.framework */; };
		8437F95A230298BE00E178CB /* GoogleUtilities.framework in Frameworks */ = {isa = PBXBuildFile; fileRef = 8437F959230298BE00E178CB /* GoogleUtilities.framework */; };
		8437F95C230298CE00E178CB /* nanopb.framework in Frameworks */ = {isa = PBXBuildFile; fileRef = 8437F95B230298CE00E178CB /* nanopb.framework */; };
		8469BF6922F82A92001A677F /* FinPartidaViewController.swift in Sources */ = {isa = PBXBuildFile; fileRef = 8469BF6822F82A92001A677F /* FinPartidaViewController.swift */; };
		846ECE17232F7C2800B11D5B /* InstruccionesViewController.swift in Sources */ = {isa = PBXBuildFile; fileRef = 846ECE16232F7C2800B11D5B /* InstruccionesViewController.swift */; };
		84A431D52341E64400AC086A /* pulsacionBtn2.wav in Resources */ = {isa = PBXBuildFile; fileRef = 84A431D42341E64400AC086A /* pulsacionBtn2.wav */; };
		84A431D72341E6B400AC086A /* pulsacionBtn.wav in Resources */ = {isa = PBXBuildFile; fileRef = 84A431D62341E6B400AC086A /* pulsacionBtn.wav */; };
		84A69FFA233A6345004119D9 /* AboutViewController.swift in Sources */ = {isa = PBXBuildFile; fileRef = 84A69FF9233A6345004119D9 /* AboutViewController.swift */; };
		84BDC6822361C5E500A71CE5 /* StoreKit.framework in Frameworks */ = {isa = PBXBuildFile; fileRef = 84BDC6812361C5E500A71CE5 /* StoreKit.framework */; };
		84C7AED22311665100A94D21 /* Assets.xcassets in Resources */ = {isa = PBXBuildFile; fileRef = 84C7AED12311665100A94D21 /* Assets.xcassets */; };
		84CC9DC623257253004B0C57 /* parejaAcertada.wav in Resources */ = {isa = PBXBuildFile; fileRef = 84CC9DC223257252004B0C57 /* parejaAcertada.wav */; };
		84CC9DC723257253004B0C57 /* parejaFallada.wav in Resources */ = {isa = PBXBuildFile; fileRef = 84CC9DC323257253004B0C57 /* parejaFallada.wav */; };
		84CC9DC823257253004B0C57 /* girarCarta.wav in Resources */ = {isa = PBXBuildFile; fileRef = 84CC9DC423257253004B0C57 /* girarCarta.wav */; };
		84CC9DC923257253004B0C57 /* finPartida.wav in Resources */ = {isa = PBXBuildFile; fileRef = 84CC9DC523257253004B0C57 /* finPartida.wav */; };
		84CC9DE023290422004B0C57 /* IAPHelper.swift in Sources */ = {isa = PBXBuildFile; fileRef = 84CC9DDE23290422004B0C57 /* IAPHelper.swift */; };
		84CC9DE123290422004B0C57 /* RageProducts.swift in Sources */ = {isa = PBXBuildFile; fileRef = 84CC9DDF23290422004B0C57 /* RageProducts.swift */; };
		84F6692C22F1F620001FA154 /* AppDelegate.swift in Sources */ = {isa = PBXBuildFile; fileRef = 84F6692B22F1F620001FA154 /* AppDelegate.swift */; };
		84F6692E22F1F620001FA154 /* ViewController.swift in Sources */ = {isa = PBXBuildFile; fileRef = 84F6692D22F1F620001FA154 /* ViewController.swift */; };
		84F6693122F1F620001FA154 /* Main.storyboard in Resources */ = {isa = PBXBuildFile; fileRef = 84F6692F22F1F620001FA154 /* Main.storyboard */; };
		84F6693422F1F620001FA154 /* CartasBD.xcdatamodeld in Sources */ = {isa = PBXBuildFile; fileRef = 84F6693222F1F620001FA154 /* CartasBD.xcdatamodeld */; };
		84F6693922F1F625001FA154 /* LaunchScreen.storyboard in Resources */ = {isa = PBXBuildFile; fileRef = 84F6693722F1F625001FA154 /* LaunchScreen.storyboard */; };
		84F6694122F201C7001FA154 /* BoardViewController.swift in Sources */ = {isa = PBXBuildFile; fileRef = 84F6694022F201C7001FA154 /* BoardViewController.swift */; };
		84F6694322F201E6001FA154 /* Edit8ViewController.swift in Sources */ = {isa = PBXBuildFile; fileRef = 84F6694222F201E6001FA154 /* Edit8ViewController.swift */; };
		84F6694722F21015001FA154 /* Extensions.swift in Sources */ = {isa = PBXBuildFile; fileRef = 84F6694622F21015001FA154 /* Extensions.swift */; };
		84F6694A22F366D2001FA154 /* FactoriaImagenes.swift in Sources */ = {isa = PBXBuildFile; fileRef = 84F6694922F366D2001FA154 /* FactoriaImagenes.swift */; };
		84F6694F22F36E72001FA154 /* CeldaCartasCollectionViewCell.swift in Sources */ = {isa = PBXBuildFile; fileRef = 84F6694E22F36E72001FA154 /* CeldaCartasCollectionViewCell.swift */; };
		84F6695122F44586001FA154 /* UtilidadesJuego.swift in Sources */ = {isa = PBXBuildFile; fileRef = 84F6695022F44586001FA154 /* UtilidadesJuego.swift */; };
		84F9F54F231AF36B00AFAAAD /* CeldasMenuPrincipal.swift in Sources */ = {isa = PBXBuildFile; fileRef = 84F9F54E231AF36B00AFAAAD /* CeldasMenuPrincipal.swift */; };
		84FEE4B0232D5CEF00C91FE3 /* Localizable.strings in Resources */ = {isa = PBXBuildFile; fileRef = 84FEE4B2232D5CEF00C91FE3 /* Localizable.strings */; };
		CFA948FAE556F51B297099D3 /* Pods_Prueba_Parejas_1.framework in Frameworks */ = {isa = PBXBuildFile; fileRef = F5CF79557338CCEA3A3A5EDF /* Pods_Prueba_Parejas_1.framework */; };
/* End PBXBuildFile section */

/* Begin PBXFileReference section */
		6576D40A8EDE5441C3AA1838 /* Pods-Prueba Parejas 1.debug.xcconfig */ = {isa = PBXFileReference; includeInIndex = 1; lastKnownFileType = text.xcconfig; name = "Pods-Prueba Parejas 1.debug.xcconfig"; path = "Pods/Target Support Files/Pods-Prueba Parejas 1/Pods-Prueba Parejas 1.debug.xcconfig"; sourceTree = "<group>"; };
		8406DAEE2372FD3A005C1547 /* GoogleService-Info.plist */ = {isa = PBXFileReference; fileEncoding = 4; lastKnownFileType = text.plist.xml; path = "GoogleService-Info.plist"; sourceTree = "<group>"; };
		8437F9552302981F00E178CB /* GoogleMobileAds.framework */ = {isa = PBXFileReference; lastKnownFileType = wrapper.framework; path = GoogleMobileAds.framework; sourceTree = "<group>"; };
		8437F957230298B300E178CB /* GoogleAppMeasurement.framework */ = {isa = PBXFileReference; lastKnownFileType = wrapper.framework; path = GoogleAppMeasurement.framework; sourceTree = "<group>"; };
		8437F959230298BE00E178CB /* GoogleUtilities.framework */ = {isa = PBXFileReference; lastKnownFileType = wrapper.framework; path = GoogleUtilities.framework; sourceTree = "<group>"; };
		8437F95B230298CE00E178CB /* nanopb.framework */ = {isa = PBXFileReference; lastKnownFileType = wrapper.framework; path = nanopb.framework; sourceTree = "<group>"; };
		8469BF6822F82A92001A677F /* FinPartidaViewController.swift */ = {isa = PBXFileReference; lastKnownFileType = sourcecode.swift; path = FinPartidaViewController.swift; sourceTree = "<group>"; };
		846ECE05232F6C4200B11D5B /* fr */ = {isa = PBXFileReference; lastKnownFileType = text.plist.strings; name = fr; path = fr.lproj/Main.strings; sourceTree = "<group>"; };
		846ECE06232F6C4200B11D5B /* fr */ = {isa = PBXFileReference; lastKnownFileType = text.plist.strings; name = fr; path = fr.lproj/LaunchScreen.strings; sourceTree = "<group>"; };
		846ECE07232F6C4200B11D5B /* fr */ = {isa = PBXFileReference; lastKnownFileType = text.plist.strings; name = fr; path = fr.lproj/Localizable.strings; sourceTree = "<group>"; };
		846ECE08232F717300B11D5B /* pt-PT */ = {isa = PBXFileReference; lastKnownFileType = text.plist.strings; name = "pt-PT"; path = "pt-PT.lproj/Main.strings"; sourceTree = "<group>"; };
		846ECE09232F717300B11D5B /* pt-PT */ = {isa = PBXFileReference; lastKnownFileType = text.plist.strings; name = "pt-PT"; path = "pt-PT.lproj/LaunchScreen.strings"; sourceTree = "<group>"; };
		846ECE0A232F717400B11D5B /* pt-PT */ = {isa = PBXFileReference; lastKnownFileType = text.plist.strings; name = "pt-PT"; path = "pt-PT.lproj/Localizable.strings"; sourceTree = "<group>"; };
		846ECE0B232F7A3F00B11D5B /* es-419 */ = {isa = PBXFileReference; lastKnownFileType = text.plist.strings; name = "es-419"; path = "es-419.lproj/Main.strings"; sourceTree = "<group>"; };
		846ECE0C232F7A3F00B11D5B /* es-419 */ = {isa = PBXFileReference; lastKnownFileType = text.plist.strings; name = "es-419"; path = "es-419.lproj/LaunchScreen.strings"; sourceTree = "<group>"; };
		846ECE0D232F7A4000B11D5B /* es-419 */ = {isa = PBXFileReference; lastKnownFileType = text.plist.strings; name = "es-419"; path = "es-419.lproj/Localizable.strings"; sourceTree = "<group>"; };
		846ECE0E232F7A4B00B11D5B /* fr-CA */ = {isa = PBXFileReference; lastKnownFileType = text.plist.strings; name = "fr-CA"; path = "fr-CA.lproj/Main.strings"; sourceTree = "<group>"; };
		846ECE0F232F7A4B00B11D5B /* fr-CA */ = {isa = PBXFileReference; lastKnownFileType = text.plist.strings; name = "fr-CA"; path = "fr-CA.lproj/LaunchScreen.strings"; sourceTree = "<group>"; };
		846ECE10232F7A4B00B11D5B /* fr-CA */ = {isa = PBXFileReference; lastKnownFileType = text.plist.strings; name = "fr-CA"; path = "fr-CA.lproj/Localizable.strings"; sourceTree = "<group>"; };
		846ECE11232F7A5200B11D5B /* pt-BR */ = {isa = PBXFileReference; lastKnownFileType = text.plist.strings; name = "pt-BR"; path = "pt-BR.lproj/Main.strings"; sourceTree = "<group>"; };
		846ECE12232F7A5200B11D5B /* pt-BR */ = {isa = PBXFileReference; lastKnownFileType = text.plist.strings; name = "pt-BR"; path = "pt-BR.lproj/LaunchScreen.strings"; sourceTree = "<group>"; };
		846ECE13232F7A5200B11D5B /* pt-BR */ = {isa = PBXFileReference; lastKnownFileType = text.plist.strings; name = "pt-BR"; path = "pt-BR.lproj/Localizable.strings"; sourceTree = "<group>"; };
		846ECE16232F7C2800B11D5B /* InstruccionesViewController.swift */ = {isa = PBXFileReference; lastKnownFileType = sourcecode.swift; path = InstruccionesViewController.swift; sourceTree = "<group>"; };
		84A431D42341E64400AC086A /* pulsacionBtn2.wav */ = {isa = PBXFileReference; lastKnownFileType = audio.wav; path = pulsacionBtn2.wav; sourceTree = "<group>"; };
		84A431D62341E6B400AC086A /* pulsacionBtn.wav */ = {isa = PBXFileReference; lastKnownFileType = audio.wav; path = pulsacionBtn.wav; sourceTree = "<group>"; };
		84A431DA2342036200AC086A /* en */ = {isa = PBXFileReference; lastKnownFileType = text.plist.strings; name = en; path = en.lproj/Main.strings; sourceTree = "<group>"; };
		84A69FF9233A6345004119D9 /* AboutViewController.swift */ = {isa = PBXFileReference; lastKnownFileType = sourcecode.swift; path = AboutViewController.swift; sourceTree = "<group>"; };
		84BDC6812361C5E500A71CE5 /* StoreKit.framework */ = {isa = PBXFileReference; lastKnownFileType = wrapper.framework; name = StoreKit.framework; path = System/Library/Frameworks/StoreKit.framework; sourceTree = SDKROOT; };
		84C7AED12311665100A94D21 /* Assets.xcassets */ = {isa = PBXFileReference; lastKnownFileType = folder.assetcatalog; path = Assets.xcassets; sourceTree = "<group>"; };
		84CC9DC223257252004B0C57 /* parejaAcertada.wav */ = {isa = PBXFileReference; lastKnownFileType = audio.wav; path = parejaAcertada.wav; sourceTree = "<group>"; };
		84CC9DC323257253004B0C57 /* parejaFallada.wav */ = {isa = PBXFileReference; lastKnownFileType = audio.wav; path = parejaFallada.wav; sourceTree = "<group>"; };
		84CC9DC423257253004B0C57 /* girarCarta.wav */ = {isa = PBXFileReference; lastKnownFileType = audio.wav; path = girarCarta.wav; sourceTree = "<group>"; };
		84CC9DC523257253004B0C57 /* finPartida.wav */ = {isa = PBXFileReference; lastKnownFileType = audio.wav; path = finPartida.wav; sourceTree = "<group>"; };
		84CC9DD6232777BE004B0C57 /* Prueba Parejas 1-Bridging-Header.h */ = {isa = PBXFileReference; lastKnownFileType = sourcecode.c.h; path = "Prueba Parejas 1-Bridging-Header.h"; sourceTree = "<group>"; };
		84CC9DDE23290422004B0C57 /* IAPHelper.swift */ = {isa = PBXFileReference; fileEncoding = 4; lastKnownFileType = sourcecode.swift; path = IAPHelper.swift; sourceTree = "<group>"; };
		84CC9DDF23290422004B0C57 /* RageProducts.swift */ = {isa = PBXFileReference; fileEncoding = 4; lastKnownFileType = sourcecode.swift; path = RageProducts.swift; sourceTree = "<group>"; };
		84F6692822F1F620001FA154 /* Pairs of Cards.app */ = {isa = PBXFileReference; explicitFileType = wrapper.application; includeInIndex = 0; path = "Pairs of Cards.app"; sourceTree = BUILT_PRODUCTS_DIR; };
		84F6692B22F1F620001FA154 /* AppDelegate.swift */ = {isa = PBXFileReference; lastKnownFileType = sourcecode.swift; path = AppDelegate.swift; sourceTree = "<group>"; };
		84F6692D22F1F620001FA154 /* ViewController.swift */ = {isa = PBXFileReference; lastKnownFileType = sourcecode.swift; path = ViewController.swift; sourceTree = "<group>"; };
		84F6693022F1F620001FA154 /* Base */ = {isa = PBXFileReference; lastKnownFileType = file.storyboard; name = Base; path = Base.lproj/Main.storyboard; sourceTree = "<group>"; };
		84F6693322F1F620001FA154 /* Prueba_Parejas_1.xcdatamodel */ = {isa = PBXFileReference; lastKnownFileType = wrapper.xcdatamodel; path = Prueba_Parejas_1.xcdatamodel; sourceTree = "<group>"; };
		84F6693822F1F625001FA154 /* Base */ = {isa = PBXFileReference; lastKnownFileType = file.storyboard; name = Base; path = Base.lproj/LaunchScreen.storyboard; sourceTree = "<group>"; };
		84F6693A22F1F625001FA154 /* Info.plist */ = {isa = PBXFileReference; lastKnownFileType = text.plist.xml; path = Info.plist; sourceTree = "<group>"; };
		84F6694022F201C7001FA154 /* BoardViewController.swift */ = {isa = PBXFileReference; lastKnownFileType = sourcecode.swift; path = BoardViewController.swift; sourceTree = "<group>"; };
		84F6694222F201E6001FA154 /* Edit8ViewController.swift */ = {isa = PBXFileReference; lastKnownFileType = sourcecode.swift; path = Edit8ViewController.swift; sourceTree = "<group>"; };
		84F6694622F21015001FA154 /* Extensions.swift */ = {isa = PBXFileReference; lastKnownFileType = sourcecode.swift; path = Extensions.swift; sourceTree = "<group>"; };
		84F6694922F366D2001FA154 /* FactoriaImagenes.swift */ = {isa = PBXFileReference; lastKnownFileType = sourcecode.swift; path = FactoriaImagenes.swift; sourceTree = "<group>"; };
		84F6694E22F36E72001FA154 /* CeldaCartasCollectionViewCell.swift */ = {isa = PBXFileReference; lastKnownFileType = sourcecode.swift; path = CeldaCartasCollectionViewCell.swift; sourceTree = "<group>"; };
		84F6695022F44586001FA154 /* UtilidadesJuego.swift */ = {isa = PBXFileReference; lastKnownFileType = sourcecode.swift; path = UtilidadesJuego.swift; sourceTree = "<group>"; };
		84F9F54E231AF36B00AFAAAD /* CeldasMenuPrincipal.swift */ = {isa = PBXFileReference; lastKnownFileType = sourcecode.swift; path = CeldasMenuPrincipal.swift; sourceTree = "<group>"; };
		84FA855823202FC9009D97DD /* Prueba Parejas 1.entitlements */ = {isa = PBXFileReference; lastKnownFileType = text.plist.entitlements; path = "Prueba Parejas 1.entitlements"; sourceTree = "<group>"; };
		84FEE4AC232D59A200C91FE3 /* es */ = {isa = PBXFileReference; lastKnownFileType = text.plist.strings; name = es; path = es.lproj/Main.strings; sourceTree = "<group>"; };
		84FEE4AD232D59A300C91FE3 /* es */ = {isa = PBXFileReference; lastKnownFileType = text.plist.strings; name = es; path = es.lproj/LaunchScreen.strings; sourceTree = "<group>"; };
		84FEE4B1232D5CEF00C91FE3 /* en */ = {isa = PBXFileReference; lastKnownFileType = text.plist.strings; name = en; path = en.lproj/Localizable.strings; sourceTree = "<group>"; };
		84FEE4B3232D5CF600C91FE3 /* es */ = {isa = PBXFileReference; lastKnownFileType = text.plist.strings; name = es; path = es.lproj/Localizable.strings; sourceTree = "<group>"; };
		9EF4C5D48A89BDB290C94583 /* Pods-Prueba Parejas 1.release.xcconfig */ = {isa = PBXFileReference; includeInIndex = 1; lastKnownFileType = text.xcconfig; name = "Pods-Prueba Parejas 1.release.xcconfig"; path = "Pods/Target Support Files/Pods-Prueba Parejas 1/Pods-Prueba Parejas 1.release.xcconfig"; sourceTree = "<group>"; };
		F5CF79557338CCEA3A3A5EDF /* Pods_Prueba_Parejas_1.framework */ = {isa = PBXFileReference; explicitFileType = wrapper.framework; includeInIndex = 0; path = Pods_Prueba_Parejas_1.framework; sourceTree = BUILT_PRODUCTS_DIR; };
/* End PBXFileReference section */

/* Begin PBXFrameworksBuildPhase section */
		84F6692522F1F620001FA154 /* Frameworks */ = {
			isa = PBXFrameworksBuildPhase;
			buildActionMask = 2147483647;
			files = (
				8437F95A230298BE00E178CB /* GoogleUtilities.framework in Frameworks */,
				8437F958230298B300E178CB /* GoogleAppMeasurement.framework in Frameworks */,
				8437F95C230298CE00E178CB /* nanopb.framework in Frameworks */,
				84BDC6822361C5E500A71CE5 /* StoreKit.framework in Frameworks */,
				8437F9562302981F00E178CB /* GoogleMobileAds.framework in Frameworks */,
				CFA948FAE556F51B297099D3 /* Pods_Prueba_Parejas_1.framework in Frameworks */,
			);
			runOnlyForDeploymentPostprocessing = 0;
		};
/* End PBXFrameworksBuildPhase section */

/* Begin PBXGroup section */
		8469BF6A22F84D15001A677F /* Controller */ = {
			isa = PBXGroup;
			children = (
				8469BF6822F82A92001A677F /* FinPartidaViewController.swift */,
				84F6694222F201E6001FA154 /* Edit8ViewController.swift */,
				84F6694022F201C7001FA154 /* BoardViewController.swift */,
				84F6692D22F1F620001FA154 /* ViewController.swift */,
				846ECE16232F7C2800B11D5B /* InstruccionesViewController.swift */,
				84A69FF9233A6345004119D9 /* AboutViewController.swift */,
			);
			path = Controller;
			sourceTree = "<group>";
		};
		8469BF6B22F84D2F001A677F /* Utilidades */ = {
			isa = PBXGroup;
			children = (
				84CC9DD923277AC8004B0C57 /* sonidos */,
				84F6694622F21015001FA154 /* Extensions.swift */,
				84F6695022F44586001FA154 /* UtilidadesJuego.swift */,
				84CC9DD6232777BE004B0C57 /* Prueba Parejas 1-Bridging-Header.h */,
				84CC9DDE23290422004B0C57 /* IAPHelper.swift */,
				84CC9DDF23290422004B0C57 /* RageProducts.swift */,
				84FEE4B2232D5CEF00C91FE3 /* Localizable.strings */,
			);
			path = Utilidades;
			sourceTree = "<group>";
		};
		84CC9DCA2326C94E004B0C57 /* Prueba Parejas 1 */ = {
			isa = PBXGroup;
			children = (
			);
			path = "Prueba Parejas 1";
			sourceTree = "<group>";
		};
		84CC9DD923277AC8004B0C57 /* sonidos */ = {
			isa = PBXGroup;
			children = (
				84CC9DC523257253004B0C57 /* finPartida.wav */,
				84CC9DC423257253004B0C57 /* girarCarta.wav */,
				84A431D42341E64400AC086A /* pulsacionBtn2.wav */,
				84A431D62341E6B400AC086A /* pulsacionBtn.wav */,
				84CC9DC223257252004B0C57 /* parejaAcertada.wav */,
				84CC9DC323257253004B0C57 /* parejaFallada.wav */,
			);
			path = sonidos;
			sourceTree = "<group>";
		};
		84F6691F22F1F620001FA154 = {
			isa = PBXGroup;
			children = (
				84F6692A22F1F620001FA154 /* Prueba Parejas 1 */,
				84F6692922F1F620001FA154 /* Products */,
				8437F95B230298CE00E178CB /* nanopb.framework */,
				8437F959230298BE00E178CB /* GoogleUtilities.framework */,
				8437F957230298B300E178CB /* GoogleAppMeasurement.framework */,
				8437F9552302981F00E178CB /* GoogleMobileAds.framework */,
				84FA855523202FC9009D97DD /* Frameworks */,
				ED62AEE39DDBF54B7CB9F44B /* Pods */,
			);
			sourceTree = "<group>";
		};
		84F6692922F1F620001FA154 /* Products */ = {
			isa = PBXGroup;
			children = (
				84F6692822F1F620001FA154 /* Pairs of Cards.app */,
			);
			name = Products;
			sourceTree = "<group>";
		};
		84F6692A22F1F620001FA154 /* Prueba Parejas 1 */ = {
			isa = PBXGroup;
			children = (
				84CC9DCA2326C94E004B0C57 /* Prueba Parejas 1 */,
				84FA855823202FC9009D97DD /* Prueba Parejas 1.entitlements */,
				8469BF6B22F84D2F001A677F /* Utilidades */,
				8469BF6A22F84D15001A677F /* Controller */,
				84F6694B22F36DF5001FA154 /* View */,
				84F6694822F366B5001FA154 /* Model */,
				84F6692B22F1F620001FA154 /* AppDelegate.swift */,
				84F6693722F1F625001FA154 /* LaunchScreen.storyboard */,
				84F6693A22F1F625001FA154 /* Info.plist */,
				8406DAEE2372FD3A005C1547 /* GoogleService-Info.plist */,
			);
			path = "Prueba Parejas 1";
			sourceTree = "<group>";
		};
		84F6694822F366B5001FA154 /* Model */ = {
			isa = PBXGroup;
			children = (
				84F6693222F1F620001FA154 /* CartasBD.xcdatamodeld */,
				84F6694922F366D2001FA154 /* FactoriaImagenes.swift */,
			);
			path = Model;
			sourceTree = "<group>";
		};
		84F6694B22F36DF5001FA154 /* View */ = {
			isa = PBXGroup;
			children = (
				84F6692F22F1F620001FA154 /* Main.storyboard */,
				84C7AED12311665100A94D21 /* Assets.xcassets */,
				84F6694E22F36E72001FA154 /* CeldaCartasCollectionViewCell.swift */,
				84F9F54E231AF36B00AFAAAD /* CeldasMenuPrincipal.swift */,
			);
			path = View;
			sourceTree = "<group>";
		};
		84FA855523202FC9009D97DD /* Frameworks */ = {
			isa = PBXGroup;
			children = (
				84BDC6812361C5E500A71CE5 /* StoreKit.framework */,
				F5CF79557338CCEA3A3A5EDF /* Pods_Prueba_Parejas_1.framework */,
			);
			name = Frameworks;
			sourceTree = "<group>";
		};
		ED62AEE39DDBF54B7CB9F44B /* Pods */ = {
			isa = PBXGroup;
			children = (
				6576D40A8EDE5441C3AA1838 /* Pods-Prueba Parejas 1.debug.xcconfig */,
				9EF4C5D48A89BDB290C94583 /* Pods-Prueba Parejas 1.release.xcconfig */,
			);
			name = Pods;
			sourceTree = "<group>";
		};
/* End PBXGroup section */

/* Begin PBXNativeTarget section */
		84F6692722F1F620001FA154 /* Prueba Parejas 1 */ = {
			isa = PBXNativeTarget;
			buildConfigurationList = 84F6693D22F1F625001FA154 /* Build configuration list for PBXNativeTarget "Prueba Parejas 1" */;
			buildPhases = (
				D864FB8E436325A8868E085D /* [CP] Check Pods Manifest.lock */,
				84F6692422F1F620001FA154 /* Sources */,
				84F6692522F1F620001FA154 /* Frameworks */,
				84F6692622F1F620001FA154 /* Resources */,
				CAECF782150B00CBE3B01C86 /* [CP] Embed Pods Frameworks */,
			);
			buildRules = (
			);
			dependencies = (
			);
			name = "Prueba Parejas 1";
			productName = "Prueba Parejas 1";
			productReference = 84F6692822F1F620001FA154 /* Pairs of Cards.app */;
			productType = "com.apple.product-type.application";
		};
/* End PBXNativeTarget section */

/* Begin PBXProject section */
		84F6692022F1F620001FA154 /* Project object */ = {
			isa = PBXProject;
			attributes = {
				LastSwiftUpdateCheck = 1030;
				LastUpgradeCheck = 1030;
				ORGANIZATIONNAME = admin;
				TargetAttributes = {
					84F6692722F1F620001FA154 = {
						CreatedOnToolsVersion = 10.3;
						LastSwiftMigration = 1030;
						SystemCapabilities = {
							com.apple.InAppPurchase = {
								enabled = 1;
							};
							com.apple.NetworkExtensions.iOS = {
								enabled = 0;
							};
						};
					};
				};
			};
			buildConfigurationList = 84F6692322F1F620001FA154 /* Build configuration list for PBXProject "Prueba Parejas 1" */;
			compatibilityVersion = "Xcode 9.3";
			developmentRegion = en;
			hasScannedForEncodings = 0;
			knownRegions = (
				en,
				Base,
				es,
				fr,
				"pt-PT",
				"es-419",
				"fr-CA",
				"pt-BR",
			);
			mainGroup = 84F6691F22F1F620001FA154;
			productRefGroup = 84F6692922F1F620001FA154 /* Products */;
			projectDirPath = "";
			projectRoot = "";
			targets = (
				84F6692722F1F620001FA154 /* Prueba Parejas 1 */,
			);
		};
/* End PBXProject section */

/* Begin PBXResourcesBuildPhase section */
		84F6692622F1F620001FA154 /* Resources */ = {
			isa = PBXResourcesBuildPhase;
			buildActionMask = 2147483647;
			files = (
				84CC9DC823257253004B0C57 /* girarCarta.wav in Resources */,
				84CC9DC723257253004B0C57 /* parejaFallada.wav in Resources */,
				84A431D72341E6B400AC086A /* pulsacionBtn.wav in Resources */,
				84F6693922F1F625001FA154 /* LaunchScreen.storyboard in Resources */,
				84C7AED22311665100A94D21 /* Assets.xcassets in Resources */,
				84CC9DC923257253004B0C57 /* finPartida.wav in Resources */,
				84FEE4B0232D5CEF00C91FE3 /* Localizable.strings in Resources */,
				84CC9DC623257253004B0C57 /* parejaAcertada.wav in Resources */,
				8406DAEF2372FD3A005C1547 /* GoogleService-Info.plist in Resources */,
				84F6693122F1F620001FA154 /* Main.storyboard in Resources */,
				84A431D52341E64400AC086A /* pulsacionBtn2.wav in Resources */,
			);
			runOnlyForDeploymentPostprocessing = 0;
		};
/* End PBXResourcesBuildPhase section */

/* Begin PBXShellScriptBuildPhase section */
		CAECF782150B00CBE3B01C86 /* [CP] Embed Pods Frameworks */ = {
			isa = PBXShellScriptBuildPhase;
			buildActionMask = 2147483647;
			files = (
			);
			inputPaths = (
				"${SRCROOT}/Pods/Target Support Files/Pods-Prueba Parejas 1/Pods-Prueba Parejas 1-frameworks.sh",
				"${BUILT_PRODUCTS_DIR}/FBSDKCoreKit/FBSDKCoreKit.framework",
				"${BUILT_PRODUCTS_DIR}/FBSDKLoginKit/FBSDKLoginKit.framework",
				"${BUILT_PRODUCTS_DIR}/FBSDKMessengerShareKit/FBSDKMessengerShareKit.framework",
				"${BUILT_PRODUCTS_DIR}/FBSDKPlacesKit/FBSDKPlacesKit.framework",
				"${BUILT_PRODUCTS_DIR}/FBSDKShareKit/FBSDKShareKit.framework",
				"${BUILT_PRODUCTS_DIR}/GoogleUtilities/GoogleUtilities.framework",
				"${BUILT_PRODUCTS_DIR}/nanopb/nanopb.framework",
			);
			name = "[CP] Embed Pods Frameworks";
			outputPaths = (
				"${TARGET_BUILD_DIR}/${FRAMEWORKS_FOLDER_PATH}/FBSDKCoreKit.framework",
				"${TARGET_BUILD_DIR}/${FRAMEWORKS_FOLDER_PATH}/FBSDKLoginKit.framework",
				"${TARGET_BUILD_DIR}/${FRAMEWORKS_FOLDER_PATH}/FBSDKMessengerShareKit.framework",
				"${TARGET_BUILD_DIR}/${FRAMEWORKS_FOLDER_PATH}/FBSDKPlacesKit.framework",
				"${TARGET_BUILD_DIR}/${FRAMEWORKS_FOLDER_PATH}/FBSDKShareKit.framework",
				"${TARGET_BUILD_DIR}/${FRAMEWORKS_FOLDER_PATH}/GoogleUtilities.framework",
				"${TARGET_BUILD_DIR}/${FRAMEWORKS_FOLDER_PATH}/nanopb.framework",
			);
			runOnlyForDeploymentPostprocessing = 0;
			shellPath = /bin/sh;
			shellScript = "\"${SRCROOT}/Pods/Target Support Files/Pods-Prueba Parejas 1/Pods-Prueba Parejas 1-frameworks.sh\"\n";
			showEnvVarsInLog = 0;
		};
		D864FB8E436325A8868E085D /* [CP] Check Pods Manifest.lock */ = {
			isa = PBXShellScriptBuildPhase;
			buildActionMask = 2147483647;
			files = (
			);
			inputPaths = (
				"${PODS_PODFILE_DIR_PATH}/Podfile.lock",
				"${PODS_ROOT}/Manifest.lock",
			);
			name = "[CP] Check Pods Manifest.lock";
			outputPaths = (
				"$(DERIVED_FILE_DIR)/Pods-Prueba Parejas 1-checkManifestLockResult.txt",
			);
			runOnlyForDeploymentPostprocessing = 0;
			shellPath = /bin/sh;
			shellScript = "diff \"${PODS_PODFILE_DIR_PATH}/Podfile.lock\" \"${PODS_ROOT}/Manifest.lock\" > /dev/null\nif [ $? != 0 ] ; then\n    # print error to STDERR\n    echo \"error: The sandbox is not in sync with the Podfile.lock. Run 'pod install' or update your CocoaPods installation.\" >&2\n    exit 1\nfi\n# This output is used by Xcode 'outputs' to avoid re-running this script phase.\necho \"SUCCESS\" > \"${SCRIPT_OUTPUT_FILE_0}\"\n";
			showEnvVarsInLog = 0;
		};
/* End PBXShellScriptBuildPhase section */

/* Begin PBXSourcesBuildPhase section */
		84F6692422F1F620001FA154 /* Sources */ = {
			isa = PBXSourcesBuildPhase;
			buildActionMask = 2147483647;
			files = (
				84CC9DE123290422004B0C57 /* RageProducts.swift in Sources */,
				84F6695122F44586001FA154 /* UtilidadesJuego.swift in Sources */,
				846ECE17232F7C2800B11D5B /* InstruccionesViewController.swift in Sources */,
				84A69FFA233A6345004119D9 /* AboutViewController.swift in Sources */,
				84F6694A22F366D2001FA154 /* FactoriaImagenes.swift in Sources */,
				84F6694322F201E6001FA154 /* Edit8ViewController.swift in Sources */,
				8469BF6922F82A92001A677F /* FinPartidaViewController.swift in Sources */,
				84CC9DE023290422004B0C57 /* IAPHelper.swift in Sources */,
				84F6694722F21015001FA154 /* Extensions.swift in Sources */,
				84F6693422F1F620001FA154 /* CartasBD.xcdatamodeld in Sources */,
				84F6694F22F36E72001FA154 /* CeldaCartasCollectionViewCell.swift in Sources */,
				84F9F54F231AF36B00AFAAAD /* CeldasMenuPrincipal.swift in Sources */,
				84F6692E22F1F620001FA154 /* ViewController.swift in Sources */,
				84F6692C22F1F620001FA154 /* AppDelegate.swift in Sources */,
				84F6694122F201C7001FA154 /* BoardViewController.swift in Sources */,
			);
			runOnlyForDeploymentPostprocessing = 0;
		};
/* End PBXSourcesBuildPhase section */

/* Begin PBXVariantGroup section */
		84F6692F22F1F620001FA154 /* Main.storyboard */ = {
			isa = PBXVariantGroup;
			children = (
				84F6693022F1F620001FA154 /* Base */,
				84FEE4AC232D59A200C91FE3 /* es */,
				846ECE05232F6C4200B11D5B /* fr */,
				846ECE08232F717300B11D5B /* pt-PT */,
				846ECE0B232F7A3F00B11D5B /* es-419 */,
				846ECE0E232F7A4B00B11D5B /* fr-CA */,
				846ECE11232F7A5200B11D5B /* pt-BR */,
				84A431DA2342036200AC086A /* en */,
			);
			name = Main.storyboard;
			sourceTree = "<group>";
		};
		84F6693722F1F625001FA154 /* LaunchScreen.storyboard */ = {
			isa = PBXVariantGroup;
			children = (
				84F6693822F1F625001FA154 /* Base */,
				84FEE4AD232D59A300C91FE3 /* es */,
				846ECE06232F6C4200B11D5B /* fr */,
				846ECE09232F717300B11D5B /* pt-PT */,
				846ECE0C232F7A3F00B11D5B /* es-419 */,
				846ECE0F232F7A4B00B11D5B /* fr-CA */,
				846ECE12232F7A5200B11D5B /* pt-BR */,
			);
			name = LaunchScreen.storyboard;
			sourceTree = "<group>";
		};
		84FEE4B2232D5CEF00C91FE3 /* Localizable.strings */ = {
			isa = PBXVariantGroup;
			children = (
				84FEE4B1232D5CEF00C91FE3 /* en */,
				84FEE4B3232D5CF600C91FE3 /* es */,
				846ECE07232F6C4200B11D5B /* fr */,
				846ECE0A232F717400B11D5B /* pt-PT */,
				846ECE0D232F7A4000B11D5B /* es-419 */,
				846ECE10232F7A4B00B11D5B /* fr-CA */,
				846ECE13232F7A5200B11D5B /* pt-BR */,
			);
			name = Localizable.strings;
			sourceTree = "<group>";
		};
/* End PBXVariantGroup section */

/* Begin XCBuildConfiguration section */
		84F6693B22F1F625001FA154 /* Debug */ = {
			isa = XCBuildConfiguration;
			buildSettings = {
				ALWAYS_SEARCH_USER_PATHS = NO;
				CLANG_ANALYZER_LOCALIZABILITY_NONLOCALIZED = YES;
				CLANG_ANALYZER_NONNULL = YES;
				CLANG_ANALYZER_NUMBER_OBJECT_CONVERSION = YES_AGGRESSIVE;
				CLANG_CXX_LANGUAGE_STANDARD = "gnu++14";
				CLANG_CXX_LIBRARY = "libc++";
				CLANG_ENABLE_MODULES = YES;
				CLANG_ENABLE_OBJC_ARC = YES;
				CLANG_ENABLE_OBJC_WEAK = YES;
				CLANG_WARN_BLOCK_CAPTURE_AUTORELEASING = YES;
				CLANG_WARN_BOOL_CONVERSION = YES;
				CLANG_WARN_COMMA = YES;
				CLANG_WARN_CONSTANT_CONVERSION = YES;
				CLANG_WARN_DEPRECATED_OBJC_IMPLEMENTATIONS = YES;
				CLANG_WARN_DIRECT_OBJC_ISA_USAGE = YES_ERROR;
				CLANG_WARN_DOCUMENTATION_COMMENTS = YES;
				CLANG_WARN_EMPTY_BODY = YES;
				CLANG_WARN_ENUM_CONVERSION = YES;
				CLANG_WARN_INFINITE_RECURSION = YES;
				CLANG_WARN_INT_CONVERSION = YES;
				CLANG_WARN_NON_LITERAL_NULL_CONVERSION = YES;
				CLANG_WARN_OBJC_IMPLICIT_RETAIN_SELF = YES;
				CLANG_WARN_OBJC_LITERAL_CONVERSION = YES;
				CLANG_WARN_OBJC_ROOT_CLASS = YES_ERROR;
				CLANG_WARN_RANGE_LOOP_ANALYSIS = YES;
				CLANG_WARN_STRICT_PROTOTYPES = YES;
				CLANG_WARN_SUSPICIOUS_MOVE = YES;
				CLANG_WARN_UNGUARDED_AVAILABILITY = YES_AGGRESSIVE;
				CLANG_WARN_UNREACHABLE_CODE = YES;
				CLANG_WARN__DUPLICATE_METHOD_MATCH = YES;
				CODE_SIGN_IDENTITY = "iPhone Developer";
				COPY_PHASE_STRIP = NO;
				DEBUG_INFORMATION_FORMAT = dwarf;
				ENABLE_STRICT_OBJC_MSGSEND = YES;
				ENABLE_TESTABILITY = YES;
				GCC_C_LANGUAGE_STANDARD = gnu11;
				GCC_DYNAMIC_NO_PIC = NO;
				GCC_NO_COMMON_BLOCKS = YES;
				GCC_OPTIMIZATION_LEVEL = 0;
				GCC_PREPROCESSOR_DEFINITIONS = (
					"DEBUG=1",
					"$(inherited)",
				);
				GCC_WARN_64_TO_32_BIT_CONVERSION = YES;
				GCC_WARN_ABOUT_RETURN_TYPE = YES_ERROR;
				GCC_WARN_UNDECLARED_SELECTOR = YES;
				GCC_WARN_UNINITIALIZED_AUTOS = YES_AGGRESSIVE;
				GCC_WARN_UNUSED_FUNCTION = YES;
				GCC_WARN_UNUSED_VARIABLE = YES;
				IPHONEOS_DEPLOYMENT_TARGET = 11.0;
				MTL_ENABLE_DEBUG_INFO = INCLUDE_SOURCE;
				MTL_FAST_MATH = YES;
				ONLY_ACTIVE_ARCH = YES;
				"OTHER_LDFLAGS[arch=*]" = "-ObjC";
				SDKROOT = iphoneos;
				SWIFT_ACTIVE_COMPILATION_CONDITIONS = DEBUG;
				SWIFT_OPTIMIZATION_LEVEL = "-Onone";
			};
			name = Debug;
		};
		84F6693C22F1F625001FA154 /* Release */ = {
			isa = XCBuildConfiguration;
			buildSettings = {
				ALWAYS_SEARCH_USER_PATHS = NO;
				CLANG_ANALYZER_LOCALIZABILITY_NONLOCALIZED = YES;
				CLANG_ANALYZER_NONNULL = YES;
				CLANG_ANALYZER_NUMBER_OBJECT_CONVERSION = YES_AGGRESSIVE;
				CLANG_CXX_LANGUAGE_STANDARD = "gnu++14";
				CLANG_CXX_LIBRARY = "libc++";
				CLANG_ENABLE_MODULES = YES;
				CLANG_ENABLE_OBJC_ARC = YES;
				CLANG_ENABLE_OBJC_WEAK = YES;
				CLANG_WARN_BLOCK_CAPTURE_AUTORELEASING = YES;
				CLANG_WARN_BOOL_CONVERSION = YES;
				CLANG_WARN_COMMA = YES;
				CLANG_WARN_CONSTANT_CONVERSION = YES;
				CLANG_WARN_DEPRECATED_OBJC_IMPLEMENTATIONS = YES;
				CLANG_WARN_DIRECT_OBJC_ISA_USAGE = YES_ERROR;
				CLANG_WARN_DOCUMENTATION_COMMENTS = YES;
				CLANG_WARN_EMPTY_BODY = YES;
				CLANG_WARN_ENUM_CONVERSION = YES;
				CLANG_WARN_INFINITE_RECURSION = YES;
				CLANG_WARN_INT_CONVERSION = YES;
				CLANG_WARN_NON_LITERAL_NULL_CONVERSION = YES;
				CLANG_WARN_OBJC_IMPLICIT_RETAIN_SELF = YES;
				CLANG_WARN_OBJC_LITERAL_CONVERSION = YES;
				CLANG_WARN_OBJC_ROOT_CLASS = YES_ERROR;
				CLANG_WARN_RANGE_LOOP_ANALYSIS = YES;
				CLANG_WARN_STRICT_PROTOTYPES = YES;
				CLANG_WARN_SUSPICIOUS_MOVE = YES;
				CLANG_WARN_UNGUARDED_AVAILABILITY = YES_AGGRESSIVE;
				CLANG_WARN_UNREACHABLE_CODE = YES;
				CLANG_WARN__DUPLICATE_METHOD_MATCH = YES;
				CODE_SIGN_IDENTITY = "iPhone Developer";
				COPY_PHASE_STRIP = NO;
				DEBUG_INFORMATION_FORMAT = "dwarf-with-dsym";
				ENABLE_NS_ASSERTIONS = NO;
				ENABLE_STRICT_OBJC_MSGSEND = YES;
				GCC_C_LANGUAGE_STANDARD = gnu11;
				GCC_NO_COMMON_BLOCKS = YES;
				GCC_WARN_64_TO_32_BIT_CONVERSION = YES;
				GCC_WARN_ABOUT_RETURN_TYPE = YES_ERROR;
				GCC_WARN_UNDECLARED_SELECTOR = YES;
				GCC_WARN_UNINITIALIZED_AUTOS = YES_AGGRESSIVE;
				GCC_WARN_UNUSED_FUNCTION = YES;
				GCC_WARN_UNUSED_VARIABLE = YES;
				IPHONEOS_DEPLOYMENT_TARGET = 11.0;
				MTL_ENABLE_DEBUG_INFO = NO;
				MTL_FAST_MATH = YES;
				"OTHER_LDFLAGS[arch=*]" = "-ObjC";
				SDKROOT = iphoneos;
				SWIFT_COMPILATION_MODE = wholemodule;
				SWIFT_OPTIMIZATION_LEVEL = "-O";
				VALIDATE_PRODUCT = YES;
			};
			name = Release;
		};
		84F6693E22F1F625001FA154 /* Debug */ = {
			isa = XCBuildConfiguration;
			baseConfigurationReference = 6576D40A8EDE5441C3AA1838 /* Pods-Prueba Parejas 1.debug.xcconfig */;
			buildSettings = {
				ASSETCATALOG_COMPILER_APPICON_NAME = AppIcon;
				CLANG_ENABLE_MODULES = YES;
				CODE_SIGN_STYLE = Automatic;
				CURRENT_PROJECT_VERSION = 17;
				DEVELOPMENT_TEAM = MZKL96N2NF;
				FRAMEWORK_SEARCH_PATHS = (
					"$(inherited)",
					"$(PROJECT_DIR)",
					"$(PROJECT_DIR)/facebook",
				);
				INFOPLIST_FILE = "Prueba Parejas 1/Info.plist";
				IPHONEOS_DEPLOYMENT_TARGET = 11.0;
				LD_RUNPATH_SEARCH_PATHS = (
					"$(inherited)",
					"@executable_path/Frameworks",
				);
				MARKETING_VERSION = 2.7;
				PRODUCT_BUNDLE_IDENTIFIER = com.pablomillanlopez.juegos.CustomMemoryCards;
				PRODUCT_NAME = "Pairs of Cards";
				SWIFT_OBJC_BRIDGING_HEADER = "Prueba Parejas 1/Utilidades/Prueba Parejas 1-Bridging-Header.h";
				SWIFT_OPTIMIZATION_LEVEL = "-Onone";
				SWIFT_VERSION = 5.0;
				TARGETED_DEVICE_FAMILY = "1,2";
			};
			name = Debug;
		};
		84F6693F22F1F625001FA154 /* Release */ = {
			isa = XCBuildConfiguration;
			baseConfigurationReference = 9EF4C5D48A89BDB290C94583 /* Pods-Prueba Parejas 1.release.xcconfig */;
			buildSettings = {
				ASSETCATALOG_COMPILER_APPICON_NAME = AppIcon;
				CLANG_ENABLE_MODULES = YES;
				CODE_SIGN_STYLE = Automatic;
				CURRENT_PROJECT_VERSION = 17;
				DEVELOPMENT_TEAM = MZKL96N2NF;
				FRAMEWORK_SEARCH_PATHS = (
					"$(inherited)",
					"$(PROJECT_DIR)",
					"$(PROJECT_DIR)/facebook",
				);
				INFOPLIST_FILE = "Prueba Parejas 1/Info.plist";
				IPHONEOS_DEPLOYMENT_TARGET = 11.0;
				LD_RUNPATH_SEARCH_PATHS = (
					"$(inherited)",
					"@executable_path/Frameworks",
				);
				MARKETING_VERSION = 2.7;
				PRODUCT_BUNDLE_IDENTIFIER = com.pablomillanlopez.juegos.CustomMemoryCards;
				PRODUCT_NAME = "Pairs of Cards";
				SWIFT_OBJC_BRIDGING_HEADER = "Prueba Parejas 1/Utilidades/Prueba Parejas 1-Bridging-Header.h";
				SWIFT_VERSION = 5.0;
				TARGETED_DEVICE_FAMILY = "1,2";
			};
			name = Release;
		};
/* End XCBuildConfiguration section */

/* Begin XCConfigurationList section */
		84F6692322F1F620001FA154 /* Build configuration list for PBXProject "Prueba Parejas 1" */ = {
			isa = XCConfigurationList;
			buildConfigurations = (
				84F6693B22F1F625001FA154 /* Debug */,
				84F6693C22F1F625001FA154 /* Release */,
			);
			defaultConfigurationIsVisible = 0;
			defaultConfigurationName = Release;
		};
		84F6693D22F1F625001FA154 /* Build configuration list for PBXNativeTarget "Prueba Parejas 1" */ = {
			isa = XCConfigurationList;
			buildConfigurations = (
				84F6693E22F1F625001FA154 /* Debug */,
				84F6693F22F1F625001FA154 /* Release */,
			);
			defaultConfigurationIsVisible = 0;
			defaultConfigurationName = Release;
		};
/* End XCConfigurationList section */

/* Begin XCVersionGroup section */
		84F6693222F1F620001FA154 /* CartasBD.xcdatamodeld */ = {
			isa = XCVersionGroup;
			children = (
				84F6693322F1F620001FA154 /* Prueba_Parejas_1.xcdatamodel */,
			);
			currentVersion = 84F6693322F1F620001FA154 /* Prueba_Parejas_1.xcdatamodel */;
			path = CartasBD.xcdatamodeld;
			sourceTree = "<group>";
			versionGroupType = wrapper.xcdatamodel;
		};
/* End XCVersionGroup section */
	};
	rootObject = 84F6692022F1F620001FA154 /* Project object */;
}
